github.com/526avijitgupta/gokarna v0.0.0-20251108094623-5e633d6775f0 h1:JBc47qWUKLG7RhUX8cp0ekn+SOExY94biTMCklblO5M=
github.com/526avijitgupta/gokarna v0.0.0-20251108094623-5e633d6775f0/go.mod h1:v34Pn8p/EFQ1WnVF43/Vis+6u+vdB795sYEGshBHFSs=
github.com/AmazingRise/hugo-theme-diary v0.0.0-20241212042734-c547cf956448 h1:+19gLaIS6mN+eYG+Xs4lxIt8MpGo1hwTFkTWtLdtewo=
github.com/AmazingRise/hugo-theme-diary v0.0.0-20241212042734-c547cf956448/go.mod h1:jFlSWwFHa+nHPenO/b8j3bsMtN/bnsqlWOBK7OxB/Y4=
github.com/CaiJimmy/hugo-theme-stack/v3 v3.33.0 h1:ht00aUT5VOxuh0cq4ek6uuGMze2/pDgjxYDVCJfb3Wk=
github.com/CaiJimmy/hugo-theme-stack/v3 v3.33.0/go.mod h1:IPmCXiIxlFSLFYS0tOmYP6ySLviyeNVSabyvSuaxD+I=
github.com/Vimux/blank v0.0.0-20231125180609-43cac0184173 h1:Iu7ir/V6jfxsszM/8i1nlUGv03KHwGMMmEwB8J2jql4=
github.com/Vimux/blank v0.0.0-20231125180609-43cac0184173/go.mod h1:P8ZXeU5ps9SAxCC6EwP1fOiz2meUYXtKUEW6JzR+Cps=
github.com/Vimux/mainroad v0.0.0-20240906135647-13e04b3694ea h1:vQavAKtJR8eC1leDFjpiASqs19Gy7AGjktQRW+rBWHk=
github.com/Vimux/mainroad v0.0.0-20240906135647-13e04b3694ea/go.mod h1:13Sfg07PTbKTuzennbP0eC0Od7pbpfaxVcTQZWKRZeU=
github.com/adityatelange/hugo-PaperMod v0.0.0-20251220143909-7d061d56d466 h1:TwHD1mH5GpjEI32lKS0W0fDOxqSI88OjH3x1USba7y4=
github.com/adityatelange/hugo-PaperMod v0.0.0-20251220143909-7d061d56d466/go.mod h1:HCHxNMKYdGafUYjVV3ICiAqznZK2yH0iI53jqcDFDdQ=
github.com/alexandrevicenzi/soho v1.1.1 h1:VReWPlpLIJzxjfC5JX23suD/b7itOTSYT8NuM+awHMs=
github.com/alexandrevicenzi/soho v1.1.1/go.mod h1:OJk59xwtMsfVCt+dVL3rOqXj9HW7ThJYP6rCULyx9Jw=
github.com/apvarun/blist-hugo-theme v2.1.0+incompatible h1:o77jPgpKRa9MyvtKqEgThglu1ZaeOr8giz+RcNHA8hI=
github.com/apvarun/blist-hugo-theme v2.1.0+incompatible/go.mod h1:s2zy+OAtID3Ug5HangdNWpHxxErMb4Jlx6X4Xbp9mag=
github.com/athul/archie v0.0.0-20251011123046-a3a574f7e90f h1:KZSRWJnmNlaEMivz0Qmu+4L+vKD4+mC6g1WvKkcrOBI=
github.com/athul/archie v0.0.0-20251011123046-a3a574f7e90f/go.mod h1:toV1NH0HG3QeUEXX3aXgyCLuSh9JjAdCSge+cKN7LFs=
github.com/calintat/minimal v0.0.0-20210103220336-987f270dfee3 h1:JHnBhRE6pzNJPIpctf9iUqfUzWTNOEzUTlMorRet4Nc=
github.com/calintat/minimal v0.0.0-20210103220336-987f270dfee3/go.mod h1:DcAXbWg74unipQb+Kgvv+jns9U2l9v+DM0DPCLjlE7E=
github.com/chipzoller/hugo-clarity v0.0.0-20250822134453-ea273fa2d87c h1:3AZbl9ZTO0ZyiHlEmo7GtS4mcGTKWyLjAtL6pahTPKA=
github.com/chipzoller/hugo-clarity v0.0.0-20250822134453-ea273fa2d87c/go.mod h1:v1JkaKdcLRibyUCalLP2CNeFo6FGzfd4ipEr4dK0+Zg=
github.com/colorchestra/smol v0.0.0-20231124233107-9c5b894c0950 h1:wb56kBIS3OPYZLSENP98UZyx2kLly0EsAFqil94nQ1A=
github.com/colorchestra/smol v0.0.0-20231124233107-9c5b894c0950/go.mod h1:zCNGH1Qu+A99iK4ZWFGilgcr9e1HVs/j25UmmH+EOv8=
github.com/dillonzq/LoveIt v0.3.0 h1:nOMfGJLp3czoeBn58+r0PD0chxauix7+rwY0BWPbH3Y=
github.com/dillonzq/LoveIt v0.3.0/go.mod h1:6IBQv4PKou3cERt0xcxud81O793taOmJqYKXn1eNPB4=
github.com/g1eny0ung/hugo-theme-dream v3.13.0+incompatible h1:rgTg577JMVxFsl17eW0aEqUzQ/0Uc/L+HPZhv096DvQ=
github.com/g1eny0ung/hugo-theme-dream v3.13.0+incompatible/go.mod h1:oCFyt6Zimu9HUwvDboQElWNSyC+f2+GTCKhd6GQFqHo=
github.com/halogenica/beautifulhugo v0.0.0-20251212183709-c3c3bbb7370d h1:EsekjF0bASegdBSWPTnc8l0fhsmv/w7jmO2XgEpCItU=
github.com/halogenica/beautifulhugo v0.0.0-20251212183709-c3c3bbb7370d/go.mod h1:4dwHt6njigk+fr9W3Bg+OflL4LKzkjbXAULXvr3mYLs=
github.com/janraasch/hugo-bearblog v0.0.0-20251218125707-d44ea2fd106f h1:UZcOphh8CU5e985LXTMJIy/sRpejUu7gKgO7MVJsZmo=
github.com/janraasch/hugo-bearblog v0.0.0-20251218125707-d44ea2fd106f/go.mod h1:qVJ3S3qhkRf6smf5f8vveeV/QX3ui8poHckF6Ykt9AU=
github.com/jpanther/congo/v2 v2.12.2 h1:dr7oI/as+g+FJ6zVLZ3LSVOSRlsJjSsvTO6YP4zbOsQ=
github.com/jpanther/congo/v2 v2.12.2/go.mod h1:1S7DRoO1ZYS4YUdFd1LjTkdyjQwsjFWd8TqSfz3Jd+M=
github.com/kimcc/hugo-theme-noteworthy v0.0.0-20210708200524-5dcc67d31bf1 h1:fnaZlF/ScyYzXBsyKTsc907w8sRrS67lYZIEYbn5cH4=
github.com/kimcc/hugo-theme-noteworthy v0.0.0-20210708200524-5dcc67d31bf1/go.mod h1:vTL4JYLSAlggHB2ax4Y6oUpPg8TqVyK6LK/BqT4OTZc=
github.com/luizdepra/hugo-coder v0.0.0-20250829110205-cb13ec467161 h1:t6eaDBh8SWBpVo2Q1Gl2Bnnnw8bDN+Ns9TS87T7pBFY=
github.com/luizdepra/hugo-coder v0.0.0-20250829110205-cb13ec467161/go.mod h1:9EQBf2rU+NPjlohGuKcEgdqSeOc3tIQoOty4xPpuUQ4=
github.com/monkeyWzr/hugo-theme-cactus v0.0.0-20240312084910-a5df1d6bed25 h1:wAV8qlIZA6AA+Nq6WHk2+pJgDTE37EUUKq73E1TwOy4=
github.com/monkeyWzr/hugo-theme-cactus v0.0.0-20240312084910-a5df1d6bed25/go.mod h1:pelyER/z3wJ0lzJtj5JVIlUfnKJJ/sfe4RYyfQG0E/4=
github.com/mrmierzejewski/hugo-theme-console v0.0.0-20251111144840-d2766495595c h1:FD5X1JumXf7Z+Ru+pLcL+WZswWA95WiYoo8UnDyooDE=
github.com/mrmierzejewski/hugo-theme-console v0.0.0-20251111144840-d2766495595c/go.mod h1:EkUHZeZl13EtNkuNyOyNtjuQuZyf0k8W6K9GbCJaBTM=
github.com/nanxiaobei/hugo-paper v0.0.0-20250419060945-8c75cdd9ce53 h1:VoP3cjNl0DDqtPIMIFDs3vSKmmgXBDrQD6mTOICgf/k=
github.com/nanxiaobei/hugo-paper v0.0.0-20250419060945-8c75cdd9ce53/go.mod h1:cS2hTYPgmZ2FkPTQbOiX6vB0yLQcWD067kJx2lkRPVQ=
github.com/nodejh/hugo-theme-mini v0.0.0-20240322021354-34417888405c h1:WUFnrYHzZk6QLla2BgFvySeYORf5nf0SUzcdIANHadU=
github.com/nodejh/hugo-theme-mini v0.0.0-20240322021354-34417888405c/go.mod h1:+Rl6qKesH3DeBOjXcmPXB1L/LwD3RqXzopTzon/jv5Q=
github.com/nunocoracao/blowfish/v2 v2.94.0 h1:mJGW6V3vi3u4rJ24mV5iTVDXbe0MjcTzI/OwvZsWeU4=
github.com/nunocoracao/blowfish/v2 v2.94.0/go.mod h1:4SkMc+Ht8gpQCwArqiHMBDP3soxi2OWuAhVney+cuyk=
github.com/pacollins/hugo-future-imperfect-slim v0.0.0-20211105151804-67dfc625a77b h1:4uNFyDbk98tar46u1dghRnp6AF5Qyf/Qb3PzGDd485w=
github.com/pacollins/hugo-future-imperfect-slim v0.0.0-20211105151804-67dfc625a77b/go.mod h1:H8kFIjeSzW00Pr/usZOsFF1iMMtiPBXVRXViazWfl8o=
github.com/panr/hugo-theme-terminal/v4 v4.2.3 h1:BU4x0qPDTZao6kzT4hWrOwGVaYgo5GesQZr+ATMsQoM=
github.com/panr/hugo-theme-terminal/v4 v4.2.3/go.mod h1:W0sFodm5ipL5gjRqOFjg4zD+euoQ8hCtyDDtqSpihxM=
github.com/razonyang/hugo-theme-bootstrap v1.13.3 h1:uPKgC9A8XgU6qPzbM+eCzAcissjCcV1yjS3Pk5qGBow=
github.com/razonyang/hugo-theme-bootstrap v1.13.3/go.mod h1:o+IIPL/5wreiTojnN4MsQqKuxbv3fWAQnMhG9geltQo=
github.com/rhazdon/hugo-theme-hello-friend-ng v0.0.0-20251118142720-1a0a16f39c40 h1:8cvEmmSrKo3X6TVnbtJEtK/4zZWhpwBNJjPxRjJnBdg=
github.com/rhazdon/hugo-theme-hello-friend-ng v0.0.0-20251118142720-1a0a16f39c40/go.mod h1:qzfSzxZEtVIkUEYnXdJV8PmJZMTSSZkfek5uhxFdpHA=
github.com/schnerring/hugo-mod-json-resume v0.0.0-20251203062615-306f30d93c18 h1:SU8H8hOY0dwq0A+HDVfRwYphbRW7/mJSZnIQ1yp2fDY=
github.com/schnerring/hugo-mod-json-resume v0.0.0-20251203062615-306f30d93c18/go.mod h1:gGi8RH7IQQH0bF/43Koo9Y2zI4JGHvD34eBuTSO1IlI=
github.com/schnerring/hugo-theme-gruvbox v0.0.0-20251001122453-81058f53a809 h1:u1+71LpcLO2qHvzu/fLFqFi04cYx1R05WsImE3irMYo=
github.com/schnerring/hugo-theme-gruvbox v0.0.0-20251001122453-81058f53a809/go.mod h1:hNzpTnxuG75JqH7yUryFc/wYNDqSaIAZuOQTl8tPHVA=
github.com/themefisher/meghna-hugo v1.1.0 h1:7Dyy5mkbTDwj5cGLhNpgaEoiEKf9Q3LwIHfCr+abR7Y=
github.com/themefisher/meghna-hugo v1.1.0/go.mod h1:K0U8mZttiB46/S4qgHqi6o5C9NtqiewIrF7MaWVWuvc=
github.com/themefisher/parsa-hugo v0.0.0-20251013040959-20ea3eeb6d04 h1:dj1gSYwjSdPYbX5Rhk/0wx34puA2W2GRE6aazusG3NE=
github.com/themefisher/parsa-hugo v0.0.0-20251013040959-20ea3eeb6d04/go.mod h1:hcXIAkHLcr4nTJr8GHEEKBmhFec29LL2PE9TMOetZ/U=
github.com/track3/hermit v1.2.2 h1:FkE+UQZ/RdMiTROXAj9SI6TZv8Sm54aXP5cF9bSJ6bM=
github.com/track3/hermit v1.2.2/go.mod h1:eymvSKhEBf0EHQEQPNQkjWT/8feO/urgEqV35U83N58=
github.com/vickylai/hugo-theme-introduction v6.0.1+incompatible h1:3UwvrCUpaC/0+Rg316WqUelFDuB9RjVPRGOvaybiaxI=
github.com/vickylai/hugo-theme-introduction v6.0.1+incompatible/go.mod h1:XQC8gX24keirk0cw+wixchzaYGx2/J42FkAZGf4YyrI=
github.com/victoriadrake/hugo-theme-sam v4.0.2+incompatible h1:dGd52IdwinWW8EK+Lq8zUrTrHZefF4FJjjX977XxdE0=
github.com/victoriadrake/hugo-theme-sam v4.0.2+incompatible/go.mod h1:JJt8S2FbZpLY5upNn1OfaGbKDkyJJpSAVLpLm8PrDdQ=
github.com/wowchemy/wowchemy-hugo-themes v4.8.0+incompatible h1:5BxVOf2IqdXqJYyEITvujLRBhVrc/I1DhY1wt1XBuSs=
github.com/wowchemy/wowchemy-hugo-themes v4.8.0+incompatible/go.mod h1:Z89FBMvZlzPJf5xnqSfNY/jxo/KZxiE8MH9TiPg0syA=
github.com/yoshiharuyamashita/blackburn v0.0.0-20220530060627-99cf136a06f3 h1:gSmCG72LVoo5cQg744Y7jhYeam4LZSZi735Yc2zfkGY=
github.com/yoshiharuyamashita/blackburn v0.0.0-20220530060627-99cf136a06f3/go.mod h1:6pbezvonWoLff+OHRlnl5srs2LpACJnkJjpRHYEutDs=
github.com/zerostaticthemes/hugo-winston-theme v1.4.0 h1:LsQAlBuQWgeZN/YTnRewyjzkmeRqlkh0u8AZxzI3Jng=
github.com/zerostaticthemes/hugo-winston-theme v1.4.0/go.mod h1:9ndr+mz6vl/8wiu/9ny8xU4eRPeUVDVgHRKN1WENS40=
